# name version SHA-256 of LuaRocks source archive (not the installed .so)
basexx 0.4.1-1 3f6a7134a518676d73a9ba80437487de9a7d482e54859a96c0c5d8b381b0a8c6
binaryheap 0.4-1 ecce14dedfa7a1938aa2383c83036b98461876934f169384a2cec6bb46462d87
fifo 0.2-0 53dea24ad658614a0254dcb10296a1a0fc5357315ada5724d6362f54c32b4c20
lpeg 1.1.0-2 836d315b920a5cdd62e21786c6c9fad547c4faa131d5583ebca64f0b6595ee76
lpeg_patterns 0.5-0 0e6d33543689e83911e2cb47965752e00412cbdfca888812ccbde9ec95259c56
lua-cjson 2.1.0.10-1 02dea368d07753647c75bd9e6660dd4d06ff7d09956d90d5afc4c3f5b78ed187
luaossl 20250929-0 19cfc635dd804bde649a8db1ffae01e5fc0cdfac2630fb73c617fe6d8a0bfd30
luasocket 3.1.0-1 f4a207f50a3f99ad65def8e29c54ac9aac668b216476f7fae3fae92413398ed2
pgmoon 1.18.0-1 b2ff713a1304c79c7372be9c13e56244de3ce54ac96cebe70426b4d8b45f35c4
